// !$*UTF8*$!
{
	archiveVersion = 1;
	classes = {
	};
	objectVersion = 48;
	objects = {

/* Begin PBXBuildFile section */
		2204C6511FDBF1C600510813 /* FirebaseStation.swift in Sources */ = {isa = PBXBuildFile; fileRef = 2204C6501FDBF1C600510813 /* FirebaseStation.swift */; };
		2204C6531FDBFDD900510813 /* Media.xcassets in Resources */ = {isa = PBXBuildFile; fileRef = 2204C6521FDBFDD900510813 /* Media.xcassets */; };
		222042231FD81DFF0009DE4D /* URLHelpers.swift in Sources */ = {isa = PBXBuildFile; fileRef = 222042221FD81DFF0009DE4D /* URLHelpers.swift */; };
		2253E1211FD6F020000C776B /* User.swift in Sources */ = {isa = PBXBuildFile; fileRef = 2253E1201FD6F020000C776B /* User.swift */; };
		2275B8131FD7DF6B00117948 /* StopInfo.swift in Sources */ = {isa = PBXBuildFile; fileRef = 2275B8121FD7DF6B00117948 /* StopInfo.swift */; };
		2275B8151FD7EDD100117948 /* StopArrivalTimes.swift in Sources */ = {isa = PBXBuildFile; fileRef = 2275B8141FD7EDD100117948 /* StopArrivalTimes.swift */; };
		2275B8171FD7F5A100117948 /* RequestController.swift in Sources */ = {isa = PBXBuildFile; fileRef = 2275B8161FD7F5A100117948 /* RequestController.swift */; };
		227848FE1FD556E500C3EFF0 /* AppDelegate.swift in Sources */ = {isa = PBXBuildFile; fileRef = 227848FD1FD556E500C3EFF0 /* AppDelegate.swift */; };
		227849031FD556E500C3EFF0 /* Main.storyboard in Resources */ = {isa = PBXBuildFile; fileRef = 227849011FD556E500C3EFF0 /* Main.storyboard */; };
		227849081FD556E500C3EFF0 /* LaunchScreen.storyboard in Resources */ = {isa = PBXBuildFile; fileRef = 227849061FD556E500C3EFF0 /* LaunchScreen.storyboard */; };
		227849401FD5759C00C3EFF0 /* LoginViewController.swift in Sources */ = {isa = PBXBuildFile; fileRef = 2278493F1FD5759C00C3EFF0 /* LoginViewController.swift */; };
		227849451FD57D7C00C3EFF0 /* GoogleService-Info.plist in Resources */ = {isa = PBXBuildFile; fileRef = 227849441FD57D7C00C3EFF0 /* GoogleService-Info.plist */; };
		227849471FD57FD400C3EFF0 /* FindStationViewController.swift in Sources */ = {isa = PBXBuildFile; fileRef = 227849461FD57FD400C3EFF0 /* FindStationViewController.swift */; };
		227849491FD585AC00C3EFF0 /* ResultsTableViewController.swift in Sources */ = {isa = PBXBuildFile; fileRef = 227849481FD585AC00C3EFF0 /* ResultsTableViewController.swift */; };
		2278494B1FD585CB00C3EFF0 /* StationDetailViewController.swift in Sources */ = {isa = PBXBuildFile; fileRef = 2278494A1FD585CB00C3EFF0 /* StationDetailViewController.swift */; };
		22FAA7731FDD9AB5006DEDDC /* arrivalTimeTableViewCell.swift in Sources */ = {isa = PBXBuildFile; fileRef = 22FAA7721FDD9AB5006DEDDC /* arrivalTimeTableViewCell.swift */; };
		7B2F7F24B0AAFABFE98CE427 /* libPods-TRANSIT.a in Frameworks */ = {isa = PBXBuildFile; fileRef = 239FCA14461FEC7D32BF409D /* libPods-TRANSIT.a */; };
/* End PBXBuildFile section */

/* Begin PBXContainerItemProxy section */
		2278490F1FD556E600C3EFF0 /* PBXContainerItemProxy */ = {
			isa = PBXContainerItemProxy;
			containerPortal = 227848F21FD556E500C3EFF0 /* Project object */;
			proxyType = 1;
			remoteGlobalIDString = 227848F91FD556E500C3EFF0;
			remoteInfo = TRANSIT;
		};
		2278491A1FD556E600C3EFF0 /* PBXContainerItemProxy */ = {
			isa = PBXContainerItemProxy;
			containerPortal = 227848F21FD556E500C3EFF0 /* Project object */;
			proxyType = 1;
			remoteGlobalIDString = 227848F91FD556E500C3EFF0;
			remoteInfo = TRANSIT;
		};
/* End PBXContainerItemProxy section */

/* Begin PBXFileReference section */
		2204C6501FDBF1C600510813 /* FirebaseStation.swift */ = {isa = PBXFileReference; lastKnownFileType = sourcecode.swift; path = FirebaseStation.swift; sourceTree = "<group>"; };
		2204C6521FDBFDD900510813 /* Media.xcassets */ = {isa = PBXFileReference; lastKnownFileType = folder.assetcatalog; path = Media.xcassets; sourceTree = "<group>"; };
		222042221FD81DFF0009DE4D /* URLHelpers.swift */ = {isa = PBXFileReference; lastKnownFileType = sourcecode.swift; path = URLHelpers.swift; sourceTree = "<group>"; };
		2253E11F1FD6ED5D000C776B /* TRANSIT.entitlements */ = {isa = PBXFileReference; lastKnownFileType = text.plist.entitlements; path = TRANSIT.entitlements; sourceTree = "<group>"; };
		2253E1201FD6F020000C776B /* User.swift */ = {isa = PBXFileReference; lastKnownFileType = sourcecode.swift; path = User.swift; sourceTree = "<group>"; };
		2275B8121FD7DF6B00117948 /* StopInfo.swift */ = {isa = PBXFileReference; lastKnownFileType = sourcecode.swift; path = StopInfo.swift; sourceTree = "<group>"; };
		2275B8141FD7EDD100117948 /* StopArrivalTimes.swift */ = {isa = PBXFileReference; lastKnownFileType = sourcecode.swift; path = StopArrivalTimes.swift; sourceTree = "<group>"; };
		2275B8161FD7F5A100117948 /* RequestController.swift */ = {isa = PBXFileReference; lastKnownFileType = sourcecode.swift; path = RequestController.swift; sourceTree = "<group>"; };
		227848FA1FD556E500C3EFF0 /* TRANSIT.app */ = {isa = PBXFileReference; explicitFileType = wrapper.application; includeInIndex = 0; path = TRANSIT.app; sourceTree = BUILT_PRODUCTS_DIR; };
		227848FD1FD556E500C3EFF0 /* AppDelegate.swift */ = {isa = PBXFileReference; lastKnownFileType = sourcecode.swift; path = AppDelegate.swift; sourceTree = "<group>"; };
		227849021FD556E500C3EFF0 /* Base */ = {isa = PBXFileReference; lastKnownFileType = file.storyboard; name = Base; path = Base.lproj/Main.storyboard; sourceTree = "<group>"; };
		227849071FD556E500C3EFF0 /* Base */ = {isa = PBXFileReference; lastKnownFileType = file.storyboard; name = Base; path = Base.lproj/LaunchScreen.storyboard; sourceTree = "<group>"; };
		227849091FD556E500C3EFF0 /* Info.plist */ = {isa = PBXFileReference; lastKnownFileType = text.plist.xml; path = Info.plist; sourceTree = "<group>"; };
		2278490E1FD556E600C3EFF0 /* TRANSITTests.xctest */ = {isa = PBXFileReference; explicitFileType = wrapper.cfbundle; includeInIndex = 0; path = TRANSITTests.xctest; sourceTree = BUILT_PRODUCTS_DIR; };
		227849191FD556E600C3EFF0 /* TRANSITUITests.xctest */ = {isa = PBXFileReference; explicitFileType = wrapper.cfbundle; includeInIndex = 0; path = TRANSITUITests.xctest; sourceTree = BUILT_PRODUCTS_DIR; };
		2278493F1FD5759C00C3EFF0 /* LoginViewController.swift */ = {isa = PBXFileReference; lastKnownFileType = sourcecode.swift; path = LoginViewController.swift; sourceTree = "<group>"; };
		227849441FD57D7C00C3EFF0 /* GoogleService-Info.plist */ = {isa = PBXFileReference; fileEncoding = 4; lastKnownFileType = text.plist.xml; path = "GoogleService-Info.plist"; sourceTree = "<group>"; };
		227849461FD57FD400C3EFF0 /* FindStationViewController.swift */ = {isa = PBXFileReference; lastKnownFileType = sourcecode.swift; name = FindStationViewController.swift; path = TRANSIT/Controllers/FindStationViewController.swift; sourceTree = SOURCE_ROOT; };
		227849481FD585AC00C3EFF0 /* ResultsTableViewController.swift */ = {isa = PBXFileReference; lastKnownFileType = sourcecode.swift; name = ResultsTableViewController.swift; path = TRANSIT/Controllers/ResultsTableViewController.swift; sourceTree = SOURCE_ROOT; };
		2278494A1FD585CB00C3EFF0 /* StationDetailViewController.swift */ = {isa = PBXFileReference; lastKnownFileType = sourcecode.swift; path = StationDetailViewController.swift; sourceTree = "<group>"; };
		22FAA7721FDD9AB5006DEDDC /* arrivalTimeTableViewCell.swift */ = {isa = PBXFileReference; lastKnownFileType = sourcecode.swift; path = arrivalTimeTableViewCell.swift; sourceTree = "<group>"; };
		239FCA14461FEC7D32BF409D /* libPods-TRANSIT.a */ = {isa = PBXFileReference; explicitFileType = archive.ar; includeInIndex = 0; path = "libPods-TRANSIT.a"; sourceTree = BUILT_PRODUCTS_DIR; };
		6BEBDD15FF442FADFC38F229 /* Pods-TRANSIT.debug.xcconfig */ = {isa = PBXFileReference; includeInIndex = 1; lastKnownFileType = text.xcconfig; name = "Pods-TRANSIT.debug.xcconfig"; path = "Pods/Target Support Files/Pods-TRANSIT/Pods-TRANSIT.debug.xcconfig"; sourceTree = "<group>"; };
		AACE7FFA7E3B4A1416237765 /* Pods-TRANSIT.release.xcconfig */ = {isa = PBXFileReference; includeInIndex = 1; lastKnownFileType = text.xcconfig; name = "Pods-TRANSIT.release.xcconfig"; path = "Pods/Target Support Files/Pods-TRANSIT/Pods-TRANSIT.release.xcconfig"; sourceTree = "<group>"; };
/* End PBXFileReference section */

/* Begin PBXFrameworksBuildPhase section */
		227848F71FD556E500C3EFF0 /* Frameworks */ = {
			isa = PBXFrameworksBuildPhase;
			buildActionMask = 2147483647;
			files = (
				7B2F7F24B0AAFABFE98CE427 /* libPods-TRANSIT.a in Frameworks */,
			);
			runOnlyForDeploymentPostprocessing = 0;
		};
		2278490B1FD556E600C3EFF0 /* Frameworks */ = {
			isa = PBXFrameworksBuildPhase;
			buildActionMask = 2147483647;
			files = (
			);
			runOnlyForDeploymentPostprocessing = 0;
		};
		227849161FD556E600C3EFF0 /* Frameworks */ = {
			isa = PBXFrameworksBuildPhase;
			buildActionMask = 2147483647;
			files = (
			);
			runOnlyForDeploymentPostprocessing = 0;
		};
/* End PBXFrameworksBuildPhase section */

/* Begin PBXGroup section */
		195C603DAECAA977A2192E45 /* Pods */ = {
			isa = PBXGroup;
			children = (
				6BEBDD15FF442FADFC38F229 /* Pods-TRANSIT.debug.xcconfig */,
				AACE7FFA7E3B4A1416237765 /* Pods-TRANSIT.release.xcconfig */,
			);
			name = Pods;
			sourceTree = "<group>";
		};
		227848F11FD556E500C3EFF0 = {
			isa = PBXGroup;
			children = (
				227848FC1FD556E500C3EFF0 /* TRANSIT */,
				227848FB1FD556E500C3EFF0 /* Products */,
				195C603DAECAA977A2192E45 /* Pods */,
				528148E38BC557E162D315A2 /* Frameworks */,
			);
			sourceTree = "<group>";
		};
		227848FB1FD556E500C3EFF0 /* Products */ = {
			isa = PBXGroup;
			children = (
				227848FA1FD556E500C3EFF0 /* TRANSIT.app */,
				2278490E1FD556E600C3EFF0 /* TRANSITTests.xctest */,
				227849191FD556E600C3EFF0 /* TRANSITUITests.xctest */,
			);
			name = Products;
			sourceTree = "<group>";
		};
		227848FC1FD556E500C3EFF0 /* TRANSIT */ = {
			isa = PBXGroup;
			children = (
				2253E11F1FD6ED5D000C776B /* TRANSIT.entitlements */,
				227849441FD57D7C00C3EFF0 /* GoogleService-Info.plist */,
				227849091FD556E500C3EFF0 /* Info.plist */,
				227849341FD56BC500C3EFF0 /* Models */,
				227849331FD56BBB00C3EFF0 /* Controllers */,
				227849351FD56BCE00C3EFF0 /* Layouts */,
				227849321FD56BA600C3EFF0 /* Other */,
				2204C6521FDBFDD900510813 /* Media.xcassets */,
			);
			path = TRANSIT;
			sourceTree = "<group>";
		};
		227849321FD56BA600C3EFF0 /* Other */ = {
			isa = PBXGroup;
			children = (
				227848FD1FD556E500C3EFF0 /* AppDelegate.swift */,
			);
			path = Other;
			sourceTree = "<group>";
		};
		227849331FD56BBB00C3EFF0 /* Controllers */ = {
			isa = PBXGroup;
			children = (
				2278493F1FD5759C00C3EFF0 /* LoginViewController.swift */,
				227849461FD57FD400C3EFF0 /* FindStationViewController.swift */,
				227849481FD585AC00C3EFF0 /* ResultsTableViewController.swift */,
				2278494A1FD585CB00C3EFF0 /* StationDetailViewController.swift */,
			);
			path = Controllers;
			sourceTree = "<group>";
		};
		227849341FD56BC500C3EFF0 /* Models */ = {
			isa = PBXGroup;
			children = (
				2253E1201FD6F020000C776B /* User.swift */,
				2275B8121FD7DF6B00117948 /* StopInfo.swift */,
				2204C6501FDBF1C600510813 /* FirebaseStation.swift */,
				2275B8141FD7EDD100117948 /* StopArrivalTimes.swift */,
				2275B8161FD7F5A100117948 /* RequestController.swift */,
				222042221FD81DFF0009DE4D /* URLHelpers.swift */,
				22FAA7721FDD9AB5006DEDDC /* arrivalTimeTableViewCell.swift */,
			);
			path = Models;
			sourceTree = "<group>";
		};
		227849351FD56BCE00C3EFF0 /* Layouts */ = {
			isa = PBXGroup;
			children = (
				227849011FD556E500C3EFF0 /* Main.storyboard */,
				227849061FD556E500C3EFF0 /* LaunchScreen.storyboard */,
			);
			path = Layouts;
			sourceTree = "<group>";
		};
		528148E38BC557E162D315A2 /* Frameworks */ = {
			isa = PBXGroup;
			children = (
				239FCA14461FEC7D32BF409D /* libPods-TRANSIT.a */,
			);
			name = Frameworks;
			sourceTree = "<group>";
		};
/* End PBXGroup section */

/* Begin PBXNativeTarget section */
		227848F91FD556E500C3EFF0 /* TRANSIT */ = {
			isa = PBXNativeTarget;
			buildConfigurationList = 227849221FD556E600C3EFF0 /* Build configuration list for PBXNativeTarget "TRANSIT" */;
			buildPhases = (
				324C1C0F287A6BE53F318B31 /* [CP] Check Pods Manifest.lock */,
				227848F61FD556E500C3EFF0 /* Sources */,
				227848F71FD556E500C3EFF0 /* Frameworks */,
				227848F81FD556E500C3EFF0 /* Resources */,
				82733A0EB04774C9A0CAEAD6 /* [CP] Embed Pods Frameworks */,
				ADDDC0A7A988DACE6E288B06 /* [CP] Copy Pods Resources */,
			);
			buildRules = (
			);
			dependencies = (
			);
			name = TRANSIT;
			productName = TRANSIT;
			productReference = 227848FA1FD556E500C3EFF0 /* TRANSIT.app */;
			productType = "com.apple.product-type.application";
		};
		2278490D1FD556E600C3EFF0 /* TRANSITTests */ = {
			isa = PBXNativeTarget;
			buildConfigurationList = 227849251FD556E600C3EFF0 /* Build configuration list for PBXNativeTarget "TRANSITTests" */;
			buildPhases = (
				2278490A1FD556E600C3EFF0 /* Sources */,
				2278490B1FD556E600C3EFF0 /* Frameworks */,
				2278490C1FD556E600C3EFF0 /* Resources */,
			);
			buildRules = (
			);
			dependencies = (
				227849101FD556E600C3EFF0 /* PBXTargetDependency */,
			);
			name = TRANSITTests;
			productName = TRANSITTests;
			productReference = 2278490E1FD556E600C3EFF0 /* TRANSITTests.xctest */;
			productType = "com.apple.product-type.bundle.unit-test";
		};
		227849181FD556E600C3EFF0 /* TRANSITUITests */ = {
			isa = PBXNativeTarget;
			buildConfigurationList = 227849281FD556E600C3EFF0 /* Build configuration list for PBXNativeTarget "TRANSITUITests" */;
			buildPhases = (
				227849151FD556E600C3EFF0 /* Sources */,
				227849161FD556E600C3EFF0 /* Frameworks */,
				227849171FD556E600C3EFF0 /* Resources */,
			);
			buildRules = (
			);
			dependencies = (
				2278491B1FD556E600C3EFF0 /* PBXTargetDependency */,
			);
			name = TRANSITUITests;
			productName = TRANSITUITests;
			productReference = 227849191FD556E600C3EFF0 /* TRANSITUITests.xctest */;
			productType = "com.apple.product-type.bundle.ui-testing";
		};
/* End PBXNativeTarget section */

/* Begin PBXProject section */
		227848F21FD556E500C3EFF0 /* Project object */ = {
			isa = PBXProject;
			attributes = {
				LastSwiftUpdateCheck = 0910;
				LastUpgradeCheck = 0910;
				ORGANIZATIONNAME = Kortekaas;
				TargetAttributes = {
					227848F91FD556E500C3EFF0 = {
						CreatedOnToolsVersion = 9.1;
						ProvisioningStyle = Automatic;
						SystemCapabilities = {
							com.apple.Keychain = {
								enabled = 1;
							};
						};
					};
					2278490D1FD556E600C3EFF0 = {
						CreatedOnToolsVersion = 9.1;
						ProvisioningStyle = Automatic;
						TestTargetID = 227848F91FD556E500C3EFF0;
					};
					227849181FD556E600C3EFF0 = {
						CreatedOnToolsVersion = 9.1;
						ProvisioningStyle = Automatic;
						TestTargetID = 227848F91FD556E500C3EFF0;
					};
				};
			};
			buildConfigurationList = 227848F51FD556E500C3EFF0 /* Build configuration list for PBXProject "TRANSIT" */;
			compatibilityVersion = "Xcode 8.0";
			developmentRegion = en;
			hasScannedForEncodings = 0;
			knownRegions = (
				en,
				Base,
			);
			mainGroup = 227848F11FD556E500C3EFF0;
			productRefGroup = 227848FB1FD556E500C3EFF0 /* Products */;
			projectDirPath = "";
			projectRoot = "";
			targets = (
				227848F91FD556E500C3EFF0 /* TRANSIT */,
				2278490D1FD556E600C3EFF0 /* TRANSITTests */,
				227849181FD556E600C3EFF0 /* TRANSITUITests */,
			);
		};
/* End PBXProject section */

/* Begin PBXResourcesBuildPhase section */
		227848F81FD556E500C3EFF0 /* Resources */ = {
			isa = PBXResourcesBuildPhase;
			buildActionMask = 2147483647;
			files = (
				227849081FD556E500C3EFF0 /* LaunchScreen.storyboard in Resources */,
				227849451FD57D7C00C3EFF0 /* GoogleService-Info.plist in Resources */,
				2204C6531FDBFDD900510813 /* Media.xcassets in Resources */,
				227849031FD556E500C3EFF0 /* Main.storyboard in Resources */,
			);
			runOnlyForDeploymentPostprocessing = 0;
		};
		2278490C1FD556E600C3EFF0 /* Resources */ = {
			isa = PBXResourcesBuildPhase;
			buildActionMask = 2147483647;
			files = (
			);
			runOnlyForDeploymentPostprocessing = 0;
		};
		227849171FD556E600C3EFF0 /* Resources */ = {
			isa = PBXResourcesBuildPhase;
			buildActionMask = 2147483647;
			files = (
			);
			runOnlyForDeploymentPostprocessing = 0;
		};
/* End PBXResourcesBuildPhase section */

/* Begin PBXShellScriptBuildPhase section */
		324C1C0F287A6BE53F318B31 /* [CP] Check Pods Manifest.lock */ = {
			isa = PBXShellScriptBuildPhase;
			buildActionMask = 2147483647;
			files = (
			);
			inputPaths = (
			);
			name = "[CP] Check Pods Manifest.lock";
			outputPaths = (
			);
			runOnlyForDeploymentPostprocessing = 0;
			shellPath = /bin/sh;
			shellScript = "diff \"${PODS_ROOT}/../Podfile.lock\" \"${PODS_ROOT}/Manifest.lock\" > /dev/null\nif [ $? != 0 ] ; then\n    # print error to STDERR\n    echo \"error: The sandbox is not in sync with the Podfile.lock. Run 'pod install' or update your CocoaPods installation.\" >&2\n    exit 1\nfi\n";
			showEnvVarsInLog = 0;
		};
		82733A0EB04774C9A0CAEAD6 /* [CP] Embed Pods Frameworks */ = {
			isa = PBXShellScriptBuildPhase;
			buildActionMask = 2147483647;
			files = (
			);
			inputPaths = (
			);
			name = "[CP] Embed Pods Frameworks";
			outputPaths = (
			);
			runOnlyForDeploymentPostprocessing = 0;
			shellPath = /bin/sh;
			shellScript = "\"${SRCROOT}/Pods/Target Support Files/Pods-TRANSIT/Pods-TRANSIT-frameworks.sh\"\n";
			showEnvVarsInLog = 0;
		};
		ADDDC0A7A988DACE6E288B06 /* [CP] Copy Pods Resources */ = {
			isa = PBXShellScriptBuildPhase;
			buildActionMask = 2147483647;
			files = (
			);
			inputPaths = (
			);
			name = "[CP] Copy Pods Resources";
			outputPaths = (
			);
			runOnlyForDeploymentPostprocessing = 0;
			shellPath = /bin/sh;
			shellScript = "\"${SRCROOT}/Pods/Target Support Files/Pods-TRANSIT/Pods-TRANSIT-resources.sh\"\n";
			showEnvVarsInLog = 0;
		};
/* End PBXShellScriptBuildPhase section */

/* Begin PBXSourcesBuildPhase section */
		227848F61FD556E500C3EFF0 /* Sources */ = {
			isa = PBXSourcesBuildPhase;
			buildActionMask = 2147483647;
			files = (
				227849491FD585AC00C3EFF0 /* ResultsTableViewController.swift in Sources */,
				2204C6511FDBF1C600510813 /* FirebaseStation.swift in Sources */,
				227849401FD5759C00C3EFF0 /* LoginViewController.swift in Sources */,
				2275B8151FD7EDD100117948 /* StopArrivalTimes.swift in Sources */,
				2253E1211FD6F020000C776B /* User.swift in Sources */,
				2275B8131FD7DF6B00117948 /* StopInfo.swift in Sources */,
				227849471FD57FD400C3EFF0 /* FindStationViewController.swift in Sources */,
				227848FE1FD556E500C3EFF0 /* AppDelegate.swift in Sources */,
				22FAA7731FDD9AB5006DEDDC /* arrivalTimeTableViewCell.swift in Sources */,
				222042231FD81DFF0009DE4D /* URLHelpers.swift in Sources */,
				2278494B1FD585CB00C3EFF0 /* StationDetailViewController.swift in Sources */,
				2275B8171FD7F5A100117948 /* RequestController.swift in Sources */,
			);
			runOnlyForDeploymentPostprocessing = 0;
		};
		2278490A1FD556E600C3EFF0 /* Sources */ = {
			isa = PBXSourcesBuildPhase;
			buildActionMask = 2147483647;
			files = (
			);
			runOnlyForDeploymentPostprocessing = 0;
		};
		227849151FD556E600C3EFF0 /* Sources */ = {
			isa = PBXSourcesBuildPhase;
			buildActionMask = 2147483647;
			files = (
			);
			runOnlyForDeploymentPostprocessing = 0;
		};
/* End PBXSourcesBuildPhase section */

/* Begin PBXTargetDependency section */
		227849101FD556E600C3EFF0 /* PBXTargetDependency */ = {
			isa = PBXTargetDependency;
			target = 227848F91FD556E500C3EFF0 /* TRANSIT */;
			targetProxy = 2278490F1FD556E600C3EFF0 /* PBXContainerItemProxy */;
		};
		2278491B1FD556E600C3EFF0 /* PBXTargetDependency */ = {
			isa = PBXTargetDependency;
			target = 227848F91FD556E500C3EFF0 /* TRANSIT */;
			targetProxy = 2278491A1FD556E600C3EFF0 /* PBXContainerItemProxy */;
		};
/* End PBXTargetDependency section */

/* Begin PBXVariantGroup section */
		227849011FD556E500C3EFF0 /* Main.storyboard */ = {
			isa = PBXVariantGroup;
			children = (
				227849021FD556E500C3EFF0 /* Base */,
			);
			name = Main.storyboard;
			sourceTree = "<group>";
		};
		227849061FD556E500C3EFF0 /* LaunchScreen.storyboard */ = {
			isa = PBXVariantGroup;
			children = (
				227849071FD556E500C3EFF0 /* Base */,
			);
			name = LaunchScreen.storyboard;
			sourceTree = "<group>";
		};
/* End PBXVariantGroup section */

/* Begin XCBuildConfiguration section */
		227849201FD556E600C3EFF0 /* Debug */ = {
			isa = XCBuildConfiguration;
			buildSettings = {
				ALWAYS_SEARCH_USER_PATHS = NO;
				CLANG_ANALYZER_NONNULL = YES;
				CLANG_ANALYZER_NUMBER_OBJECT_CONVERSION = YES_AGGRESSIVE;
				CLANG_CXX_LANGUAGE_STANDARD = "gnu++14";
				CLANG_CXX_LIBRARY = "libc++";
				CLANG_ENABLE_MODULES = YES;
				CLANG_ENABLE_OBJC_ARC = YES;
				CLANG_WARN_BLOCK_CAPTURE_AUTORELEASING = YES;
				CLANG_WARN_BOOL_CONVERSION = YES;
				CLANG_WARN_COMMA = YES;
				CLANG_WARN_CONSTANT_CONVERSION = YES;
				CLANG_WARN_DIRECT_OBJC_ISA_USAGE = YES_ERROR;
				CLANG_WARN_DOCUMENTATION_COMMENTS = YES;
				CLANG_WARN_EMPTY_BODY = YES;
				CLANG_WARN_ENUM_CONVERSION = YES;
				CLANG_WARN_INFINITE_RECURSION = YES;
				CLANG_WARN_INT_CONVERSION = YES;
				CLANG_WARN_NON_LITERAL_NULL_CONVERSION = YES;
				CLANG_WARN_OBJC_LITERAL_CONVERSION = YES;
				CLANG_WARN_OBJC_ROOT_CLASS = YES_ERROR;
				CLANG_WARN_RANGE_LOOP_ANALYSIS = YES;
				CLANG_WARN_STRICT_PROTOTYPES = YES;
				CLANG_WARN_SUSPICIOUS_MOVE = YES;
				CLANG_WARN_UNGUARDED_AVAILABILITY = YES_AGGRESSIVE;
				CLANG_WARN_UNREACHABLE_CODE = YES;
				CLANG_WARN__DUPLICATE_METHOD_MATCH = YES;
				CODE_SIGN_IDENTITY = "iPhone Developer";
				COPY_PHASE_STRIP = NO;
				DEBUG_INFORMATION_FORMAT = dwarf;
				ENABLE_STRICT_OBJC_MSGSEND = YES;
				ENABLE_TESTABILITY = YES;
				GCC_C_LANGUAGE_STANDARD = gnu11;
				GCC_DYNAMIC_NO_PIC = NO;
				GCC_NO_COMMON_BLOCKS = YES;
				GCC_OPTIMIZATION_LEVEL = 0;
				GCC_PREPROCESSOR_DEFINITIONS = (
					"DEBUG=1",
					"$(inherited)",
				);
				GCC_WARN_64_TO_32_BIT_CONVERSION = YES;
				GCC_WARN_ABOUT_RETURN_TYPE = YES_ERROR;
				GCC_WARN_UNDECLARED_SELECTOR = YES;
				GCC_WARN_UNINITIALIZED_AUTOS = YES_AGGRESSIVE;
				GCC_WARN_UNUSED_FUNCTION = YES;
				GCC_WARN_UNUSED_VARIABLE = YES;
				IPHONEOS_DEPLOYMENT_TARGET = 11.1;
				MTL_ENABLE_DEBUG_INFO = YES;
				ONLY_ACTIVE_ARCH = YES;
				SDKROOT = iphoneos;
				SWIFT_ACTIVE_COMPILATION_CONDITIONS = DEBUG;
				SWIFT_OPTIMIZATION_LEVEL = "-Onone";
			};
			name = Debug;
		};
		227849211FD556E600C3EFF0 /* Release */ = {
			isa = XCBuildConfiguration;
			buildSettings = {
				ALWAYS_SEARCH_USER_PATHS = NO;
				CLANG_ANALYZER_NONNULL = YES;
				CLANG_ANALYZER_NUMBER_OBJECT_CONVERSION = YES_AGGRESSIVE;
				CLANG_CXX_LANGUAGE_STANDARD = "gnu++14";
				CLANG_CXX_LIBRARY = "libc++";
				CLANG_ENABLE_MODULES = YES;
				CLANG_ENABLE_OBJC_ARC = YES;
				CLANG_WARN_BLOCK_CAPTURE_AUTORELEASING = YES;
				CLANG_WARN_BOOL_CONVERSION = YES;
				CLANG_WARN_COMMA = YES;
				CLANG_WARN_CONSTANT_CONVERSION = YES;
				CLANG_WARN_DIRECT_OBJC_ISA_USAGE = YES_ERROR;
				CLANG_WARN_DOCUMENTATION_COMMENTS = YES;
				CLANG_WARN_EMPTY_BODY = YES;
				CLANG_WARN_ENUM_CONVERSION = YES;
				CLANG_WARN_INFINITE_RECURSION = YES;
				CLANG_WARN_INT_CONVERSION = YES;
				CLANG_WARN_NON_LITERAL_NULL_CONVERSION = YES;
				CLANG_WARN_OBJC_LITERAL_CONVERSION = YES;
				CLANG_WARN_OBJC_ROOT_CLASS = YES_ERROR;
				CLANG_WARN_RANGE_LOOP_ANALYSIS = YES;
				CLANG_WARN_STRICT_PROTOTYPES = YES;
				CLANG_WARN_SUSPICIOUS_MOVE = YES;
				CLANG_WARN_UNGUARDED_AVAILABILITY = YES_AGGRESSIVE;
				CLANG_WARN_UNREACHABLE_CODE = YES;
				CLANG_WARN__DUPLICATE_METHOD_MATCH = YES;
				CODE_SIGN_IDENTITY = "iPhone Developer";
				COPY_PHASE_STRIP = NO;
				DEBUG_INFORMATION_FORMAT = "dwarf-with-dsym";
				ENABLE_NS_ASSERTIONS = NO;
				ENABLE_STRICT_OBJC_MSGSEND = YES;
				GCC_C_LANGUAGE_STANDARD = gnu11;
				GCC_NO_COMMON_BLOCKS = YES;
				GCC_WARN_64_TO_32_BIT_CONVERSION = YES;
				GCC_WARN_ABOUT_RETURN_TYPE = YES_ERROR;
				GCC_WARN_UNDECLARED_SELECTOR = YES;
				GCC_WARN_UNINITIALIZED_AUTOS = YES_AGGRESSIVE;
				GCC_WARN_UNUSED_FUNCTION = YES;
				GCC_WARN_UNUSED_VARIABLE = YES;
				IPHONEOS_DEPLOYMENT_TARGET = 11.1;
				MTL_ENABLE_DEBUG_INFO = NO;
				SDKROOT = iphoneos;
				SWIFT_OPTIMIZATION_LEVEL = "-Owholemodule";
				VALIDATE_PRODUCT = YES;
			};
			name = Release;
		};
		227849231FD556E600C3EFF0 /* Debug */ = {
			isa = XCBuildConfiguration;
			baseConfigurationReference = 6BEBDD15FF442FADFC38F229 /* Pods-TRANSIT.debug.xcconfig */;
			buildSettings = {
				ASSETCATALOG_COMPILER_APPICON_NAME = AppIcon;
				CODE_SIGN_ENTITLEMENTS = TRANSIT/TRANSIT.entitlements;
				CODE_SIGN_STYLE = Automatic;
				DEVELOPMENT_TEAM = 3BWBL7BSQ3;
				INFOPLIST_FILE = TRANSIT/Info.plist;
				LD_RUNPATH_SEARCH_PATHS = "$(inherited) @executable_path/Frameworks";
				PRODUCT_BUNDLE_IDENTIFIER = Kortekaas.TRANSIT;
				PRODUCT_NAME = "$(TARGET_NAME)";
				SWIFT_VERSION = 4.0;
				TARGETED_DEVICE_FAMILY = "1,2";
			};
			name = Debug;
		};
		227849241FD556E600C3EFF0 /* Release */ = {
			isa = XCBuildConfiguration;
			baseConfigurationReference = AACE7FFA7E3B4A1416237765 /* Pods-TRANSIT.release.xcconfig */;
			buildSettings = {
				ASSETCATALOG_COMPILER_APPICON_NAME = AppIcon;
				CODE_SIGN_ENTITLEMENTS = TRANSIT/TRANSIT.entitlements;
				CODE_SIGN_STYLE = Automatic;
				DEVELOPMENT_TEAM = 3BWBL7BSQ3;
				INFOPLIST_FILE = TRANSIT/Info.plist;
				LD_RUNPATH_SEARCH_PATHS = "$(inherited) @executable_path/Frameworks";
				PRODUCT_BUNDLE_IDENTIFIER = Kortekaas.TRANSIT;
				PRODUCT_NAME = "$(TARGET_NAME)";
				SWIFT_VERSION = 4.0;
				TARGETED_DEVICE_FAMILY = "1,2";
			};
			name = Release;
		};
		227849261FD556E600C3EFF0 /* Debug */ = {
			isa = XCBuildConfiguration;
			buildSettings = {
				ALWAYS_EMBED_SWIFT_STANDARD_LIBRARIES = YES;
				BUNDLE_LOADER = "$(TEST_HOST)";
				CODE_SIGN_STYLE = Automatic;
				DEVELOPMENT_TEAM = 3BWBL7BSQ3;
				INFOPLIST_FILE = TRANSITTests/Info.plist;
				LD_RUNPATH_SEARCH_PATHS = "$(inherited) @executable_path/Frameworks @loader_path/Frameworks";
				PRODUCT_BUNDLE_IDENTIFIER = Kortekaas.TRANSITTests;
				PRODUCT_NAME = "$(TARGET_NAME)";
				SWIFT_VERSION = 4.0;
				TARGETED_DEVICE_FAMILY = "1,2";
				TEST_HOST = "$(BUILT_PRODUCTS_DIR)/TRANSIT.app/TRANSIT";
			};
			name = Debug;
		};
		227849271FD556E600C3EFF0 /* Release */ = {
			isa = XCBuildConfiguration;
			buildSettings = {
				ALWAYS_EMBED_SWIFT_STANDARD_LIBRARIES = YES;
				BUNDLE_LOADER = "$(TEST_HOST)";
				CODE_SIGN_STYLE = Automatic;
				DEVELOPMENT_TEAM = 3BWBL7BSQ3;
				INFOPLIST_FILE = TRANSITTests/Info.plist;
				LD_RUNPATH_SEARCH_PATHS = "$(inherited) @executable_path/Frameworks @loader_path/Frameworks";
				PRODUCT_BUNDLE_IDENTIFIER = Kortekaas.TRANSITTests;
				PRODUCT_NAME = "$(TARGET_NAME)";
				SWIFT_VERSION = 4.0;
				TARGETED_DEVICE_FAMILY = "1,2";
				TEST_HOST = "$(BUILT_PRODUCTS_DIR)/TRANSIT.app/TRANSIT";
			};
			name = Release;
		};
		227849291FD556E600C3EFF0 /* Debug */ = {
			isa = XCBuildConfiguration;
			buildSettings = {
				ALWAYS_EMBED_SWIFT_STANDARD_LIBRARIES = YES;
				CODE_SIGN_STYLE = Automatic;
				DEVELOPMENT_TEAM = 3BWBL7BSQ3;
				INFOPLIST_FILE = TRANSITUITests/Info.plist;
				LD_RUNPATH_SEARCH_PATHS = "$(inherited) @executable_path/Frameworks @loader_path/Frameworks";
				PRODUCT_BUNDLE_IDENTIFIER = Kortekaas.TRANSITUITests;
				PRODUCT_NAME = "$(TARGET_NAME)";
				SWIFT_VERSION = 4.0;
				TARGETED_DEVICE_FAMILY = "1,2";
				TEST_TARGET_NAME = TRANSIT;
			};
			name = Debug;
		};
		2278492A1FD556E600C3EFF0 /* Release */ = {
			isa = XCBuildConfiguration;
			buildSettings = {
				ALWAYS_EMBED_SWIFT_STANDARD_LIBRARIES = YES;
				CODE_SIGN_STYLE = Automatic;
				DEVELOPMENT_TEAM = 3BWBL7BSQ3;
				INFOPLIST_FILE = TRANSITUITests/Info.plist;
				LD_RUNPATH_SEARCH_PATHS = "$(inherited) @executable_path/Frameworks @loader_path/Frameworks";
				PRODUCT_BUNDLE_IDENTIFIER = Kortekaas.TRANSITUITests;
				PRODUCT_NAME = "$(TARGET_NAME)";
				SWIFT_VERSION = 4.0;
				TARGETED_DEVICE_FAMILY = "1,2";
				TEST_TARGET_NAME = TRANSIT;
			};
			name = Release;
		};
/* End XCBuildConfiguration section */

/* Begin XCConfigurationList section */
		227848F51FD556E500C3EFF0 /* Build configuration list for PBXProject "TRANSIT" */ = {
			isa = XCConfigurationList;
			buildConfigurations = (
				227849201FD556E600C3EFF0 /* Debug */,
				227849211FD556E600C3EFF0 /* Release */,
			);
			defaultConfigurationIsVisible = 0;
			defaultConfigurationName = Release;
		};
		227849221FD556E600C3EFF0 /* Build configuration list for PBXNativeTarget "TRANSIT" */ = {
			isa = XCConfigurationList;
			buildConfigurations = (
				227849231FD556E600C3EFF0 /* Debug */,
				227849241FD556E600C3EFF0 /* Release */,
			);
			defaultConfigurationIsVisible = 0;
			defaultConfigurationName = Release;
		};
		227849251FD556E600C3EFF0 /* Build configuration list for PBXNativeTarget "TRANSITTests" */ = {
			isa = XCConfigurationList;
			buildConfigurations = (
				227849261FD556E600C3EFF0 /* Debug */,
				227849271FD556E600C3EFF0 /* Release */,
			);
			defaultConfigurationIsVisible = 0;
			defaultConfigurationName = Release;
		};
		227849281FD556E600C3EFF0 /* Build configuration list for PBXNativeTarget "TRANSITUITests" */ = {
			isa = XCConfigurationList;
			buildConfigurations = (
				227849291FD556E600C3EFF0 /* Debug */,
				2278492A1FD556E600C3EFF0 /* Release */,
			);
			defaultConfigurationIsVisible = 0;
			defaultConfigurationName = Release;
		};
/* End XCConfigurationList section */
	};
	rootObject = 227848F21FD556E500C3EFF0 /* Project object */;
}
